
Microsoft Visual Studio Solution File, Format Version 12.00
# Visual Studio 15
VisualStudioVersion = 15.0.27004.2009
MinimumVisualStudioVersion = 10.0.40219.1
Project("{FAE04EC0-301F-11D3-BF4B-00C04F79EFBC}") = "SudokuSolver", "CS 5700 Homework 4\SudokuSolver.csproj", "{B5989ACA-75C4-409B-8E4A-78178DD6AD78}"
EndProject
Project("{FAE04EC0-301F-11D3-BF4B-00C04F79EFBC}") = "UnitTest", "UnitTest\UnitTest.csproj", "{2531F40B-59A4-4FB6-8DA1-0038F70D04C8}"
EndProject
Project("{FAE04EC0-301F-11D3-BF4B-00C04F79EFBC}") = "AppLayer", "AppLayer\AppLayer.csproj", "{64082647-763D-4BCC-8E4A-3CF431557657}"
EndProject
Global
	GlobalSection(SolutionConfigurationPlatforms) = preSolution
		Debug|Any CPU = Debug|Any CPU
		Release|Any CPU = Release|Any CPU
	EndGlobalSection
	GlobalSection(ProjectConfigurationPlatforms) = postSolution
		{B5989ACA-75C4-409B-8E4A-78178DD6AD78}.Debug|Any CPU.ActiveCfg = Debug|Any CPU
		{B5989ACA-75C4-409B-8E4A-78178DD6AD78}.Debug|Any CPU.Build.0 = Debug|Any CPU
		{B5989ACA-75C4-409B-8E4A-78178DD6AD78}.Release|Any CPU.ActiveCfg = Release|Any CPU
		{B5989ACA-75C4-409B-8E4A-78178DD6AD78}.Release|Any CPU.Build.0 = Release|Any CPU
		{2531F40B-59A4-4FB6-8DA1-0038F70D04C8}.Debug|Any CPU.ActiveCfg = Debug|Any CPU
		{2531F40B-59A4-4FB6-8DA1-0038F70D04C8}.Debug|Any CPU.Build.0 = Debug|Any CPU
		{2531F40B-59A4-4FB6-8DA1-0038F70D04C8}.Release|Any CPU.ActiveCfg = Release|Any CPU
		{2531F40B-59A4-4FB6-8DA1-0038F70D04C8}.Release|Any CPU.Build.0 = Release|Any CPU
		{64082647-763D-4BCC-8E4A-3CF431557657}.Debug|Any CPU.ActiveCfg = Debug|Any CPU
		{64082647-763D-4BCC-8E4A-3CF431557657}.Debug|Any CPU.Build.0 = Debug|Any CPU
		{64082647-763D-4BCC-8E4A-3CF431557657}.Release|Any CPU.ActiveCfg = Release|Any CPU
		{64082647-763D-4BCC-8E4A-3CF431557657}.Release|Any CPU.Build.0 = Release|Any CPU
	EndGlobalSection
	GlobalSection(SolutionProperties) = preSolution
		HideSolutionNode = FALSE
	EndGlobalSection
	GlobalSection(ExtensibilityGlobals) = postSolution
		SolutionGuid = {D2221DD7-D797-470E-ACDD-C3C470529A70}
	EndGlobalSection
EndGlobal
